
Microsoft Visual Studio Solution File, Format Version 12.00
Project("{FAE04EC0-301F-11D3-BF4B-00C04F79EFBC}") = "API", "API\API.csproj", "{EC80B60F-4FDC-4554-A122-04F3341E3DC0}"
EndProject
Project("{FAE04EC0-301F-11D3-BF4B-00C04F79EFBC}") = "BLL", "BLL\BLL.csproj", "{4C840568-3FFF-4164-926C-A0F41A865BB8}"
EndProject
Project("{FAE04EC0-301F-11D3-BF4B-00C04F79EFBC}") = "DAL", "DAL\DAL.csproj", "{71CE0A96-AB79-4DFF-AE5E-6E3B6934B307}"
EndProject
Project("{FAE04EC0-301F-11D3-BF4B-00C04F79EFBC}") = "CCL", "CCL\CCL.csproj", "{44F734B6-5AA0-4D58-BFB2-90C320E8CF22}"
EndProject
Project("{FAE04EC0-301F-11D3-BF4B-00C04F79EFBC}") = "BLL.Tests", "BLL.Tests\BLL.Tests.csproj", "{F36F8E18-41A8-4FAC-99F2-A3F7AD9A6466}"
EndProject
Project("{FAE04EC0-301F-11D3-BF4B-00C04F79EFBC}") = "DAL.Tests", "DAL.Tests\DAL.Tests.csproj", "{1194F6FF-B2F0-4BAD-908A-C487985C3C04}"
EndProject
Global
	GlobalSection(SolutionConfigurationPlatforms) = preSolution
		Debug|Any CPU = Debug|Any CPU
		Release|Any CPU = Release|Any CPU
	EndGlobalSection
	GlobalSection(ProjectConfigurationPlatforms) = postSolution
		{EC80B60F-4FDC-4554-A122-04F3341E3DC0}.Debug|Any CPU.ActiveCfg = Debug|Any CPU
		{EC80B60F-4FDC-4554-A122-04F3341E3DC0}.Debug|Any CPU.Build.0 = Debug|Any CPU
		{EC80B60F-4FDC-4554-A122-04F3341E3DC0}.Release|Any CPU.ActiveCfg = Release|Any CPU
		{EC80B60F-4FDC-4554-A122-04F3341E3DC0}.Release|Any CPU.Build.0 = Release|Any CPU
		{4C840568-3FFF-4164-926C-A0F41A865BB8}.Debug|Any CPU.ActiveCfg = Debug|Any CPU
		{4C840568-3FFF-4164-926C-A0F41A865BB8}.Debug|Any CPU.Build.0 = Debug|Any CPU
		{4C840568-3FFF-4164-926C-A0F41A865BB8}.Release|Any CPU.ActiveCfg = Release|Any CPU
		{4C840568-3FFF-4164-926C-A0F41A865BB8}.Release|Any CPU.Build.0 = Release|Any CPU
		{71CE0A96-AB79-4DFF-AE5E-6E3B6934B307}.Debug|Any CPU.ActiveCfg = Debug|Any CPU
		{71CE0A96-AB79-4DFF-AE5E-6E3B6934B307}.Debug|Any CPU.Build.0 = Debug|Any CPU
		{71CE0A96-AB79-4DFF-AE5E-6E3B6934B307}.Release|Any CPU.ActiveCfg = Release|Any CPU
		{71CE0A96-AB79-4DFF-AE5E-6E3B6934B307}.Release|Any CPU.Build.0 = Release|Any CPU
		{44F734B6-5AA0-4D58-BFB2-90C320E8CF22}.Debug|Any CPU.ActiveCfg = Debug|Any CPU
		{44F734B6-5AA0-4D58-BFB2-90C320E8CF22}.Debug|Any CPU.Build.0 = Debug|Any CPU
		{44F734B6-5AA0-4D58-BFB2-90C320E8CF22}.Release|Any CPU.ActiveCfg = Release|Any CPU
		{44F734B6-5AA0-4D58-BFB2-90C320E8CF22}.Release|Any CPU.Build.0 = Release|Any CPU
		{F36F8E18-41A8-4FAC-99F2-A3F7AD9A6466}.Debug|Any CPU.ActiveCfg = Debug|Any CPU
		{F36F8E18-41A8-4FAC-99F2-A3F7AD9A6466}.Debug|Any CPU.Build.0 = Debug|Any CPU
		{F36F8E18-41A8-4FAC-99F2-A3F7AD9A6466}.Release|Any CPU.ActiveCfg = Release|Any CPU
		{F36F8E18-41A8-4FAC-99F2-A3F7AD9A6466}.Release|Any CPU.Build.0 = Release|Any CPU
		{1194F6FF-B2F0-4BAD-908A-C487985C3C04}.Debug|Any CPU.ActiveCfg = Debug|Any CPU
		{1194F6FF-B2F0-4BAD-908A-C487985C3C04}.Debug|Any CPU.Build.0 = Debug|Any CPU
		{1194F6FF-B2F0-4BAD-908A-C487985C3C04}.Release|Any CPU.ActiveCfg = Release|Any CPU
		{1194F6FF-B2F0-4BAD-908A-C487985C3C04}.Release|Any CPU.Build.0 = Release|Any CPU
	EndGlobalSection
EndGlobal
